
Microsoft Visual Studio Solution File, Format Version 12.00
# Visual Studio Version 16
VisualStudioVersion = 16.0.29215.179
MinimumVisualStudioVersion = 10.0.40219.1
Project("{9A19103F-16F7-4668-BE54-9A1E7A4F7556}") = "ShippingContext", "ShippingContext\ShippingContext.csproj", "{65D0F41E-B5AF-4AD5-8CE9-5C3FDD16D96B}"
EndProject
Project("{9A19103F-16F7-4668-BE54-9A1E7A4F7556}") = "ShippingContext.Tests", "ShippingContext.Tests\ShippingContext.Tests.csproj", "{AC96EFED-CE31-41B2-BEDD-CB713D1ACDB4}"
EndProject
Global
	GlobalSection(SolutionConfigurationPlatforms) = preSolution
		Debug|Any CPU = Debug|Any CPU
		Release|Any CPU = Release|Any CPU
	EndGlobalSection
	GlobalSection(ProjectConfigurationPlatforms) = postSolution
		{65D0F41E-B5AF-4AD5-8CE9-5C3FDD16D96B}.Debug|Any CPU.ActiveCfg = Debug|Any CPU
		{65D0F41E-B5AF-4AD5-8CE9-5C3FDD16D96B}.Debug|Any CPU.Build.0 = Debug|Any CPU
		{65D0F41E-B5AF-4AD5-8CE9-5C3FDD16D96B}.Release|Any CPU.ActiveCfg = Release|Any CPU
		{65D0F41E-B5AF-4AD5-8CE9-5C3FDD16D96B}.Release|Any CPU.Build.0 = Release|Any CPU
		{AC96EFED-CE31-41B2-BEDD-CB713D1ACDB4}.Debug|Any CPU.ActiveCfg = Debug|Any CPU
		{AC96EFED-CE31-41B2-BEDD-CB713D1ACDB4}.Debug|Any CPU.Build.0 = Debug|Any CPU
		{AC96EFED-CE31-41B2-BEDD-CB713D1ACDB4}.Release|Any CPU.ActiveCfg = Release|Any CPU
		{AC96EFED-CE31-41B2-BEDD-CB713D1ACDB4}.Release|Any CPU.Build.0 = Release|Any CPU
	EndGlobalSection
	GlobalSection(SolutionProperties) = preSolution
		HideSolutionNode = FALSE
	EndGlobalSection
	GlobalSection(ExtensibilityGlobals) = postSolution
		SolutionGuid = {00CDDE18-9D46-4716-A527-2CEB3504D910}
	EndGlobalSection
EndGlobal
